// !$*UTF8*$!
{
	archiveVersion = 1;
	classes = {
	};
	objectVersion = 50;
	objects = {

/* Begin PBXBuildFile section */
		CC1A9A9F925F0CC33D2DE8DE /* libPods-MonumentApp.a in Frameworks */ = {isa = PBXBuildFile; fileRef = 042F23E3C1EAD68C7CD4CAC8 /* libPods-MonumentApp.a */; };
		EB72566823C98F9400017C31 /* AppDelegate.swift in Sources */ = {isa = PBXBuildFile; fileRef = EB72566723C98F9400017C31 /* AppDelegate.swift */; };
		EB72566A23C98F9400017C31 /* SceneDelegate.swift in Sources */ = {isa = PBXBuildFile; fileRef = EB72566923C98F9400017C31 /* SceneDelegate.swift */; };
		EB72566C23C98F9400017C31 /* ViewController.swift in Sources */ = {isa = PBXBuildFile; fileRef = EB72566B23C98F9400017C31 /* ViewController.swift */; };
		EB72566F23C98F9400017C31 /* Main.storyboard in Resources */ = {isa = PBXBuildFile; fileRef = EB72566D23C98F9400017C31 /* Main.storyboard */; };
		EB72567123C98F9800017C31 /* Assets.xcassets in Resources */ = {isa = PBXBuildFile; fileRef = EB72567023C98F9800017C31 /* Assets.xcassets */; };
		EB72567423C98F9800017C31 /* LaunchScreen.storyboard in Resources */ = {isa = PBXBuildFile; fileRef = EB72567223C98F9800017C31 /* LaunchScreen.storyboard */; };
		EB72567C23C993C700017C31 /* GoogleService-Info.plist in Resources */ = {isa = PBXBuildFile; fileRef = EB72567B23C993C700017C31 /* GoogleService-Info.plist */; };
/* End PBXBuildFile section */

/* Begin PBXFileReference section */
		042F23E3C1EAD68C7CD4CAC8 /* libPods-MonumentApp.a */ = {isa = PBXFileReference; explicitFileType = archive.ar; includeInIndex = 0; path = "libPods-MonumentApp.a"; sourceTree = BUILT_PRODUCTS_DIR; };
		263631E062A7C9A203C4225E /* Pods-MonumentApp.release.xcconfig */ = {isa = PBXFileReference; includeInIndex = 1; lastKnownFileType = text.xcconfig; name = "Pods-MonumentApp.release.xcconfig"; path = "Target Support Files/Pods-MonumentApp/Pods-MonumentApp.release.xcconfig"; sourceTree = "<group>"; };
		EB72566423C98F9400017C31 /* MonumentApp.app */ = {isa = PBXFileReference; explicitFileType = wrapper.application; includeInIndex = 0; path = MonumentApp.app; sourceTree = BUILT_PRODUCTS_DIR; };
		EB72566723C98F9400017C31 /* AppDelegate.swift */ = {isa = PBXFileReference; lastKnownFileType = sourcecode.swift; path = AppDelegate.swift; sourceTree = "<group>"; };
		EB72566923C98F9400017C31 /* SceneDelegate.swift */ = {isa = PBXFileReference; lastKnownFileType = sourcecode.swift; path = SceneDelegate.swift; sourceTree = "<group>"; };
		EB72566B23C98F9400017C31 /* ViewController.swift */ = {isa = PBXFileReference; lastKnownFileType = sourcecode.swift; path = ViewController.swift; sourceTree = "<group>"; };
		EB72566E23C98F9400017C31 /* Base */ = {isa = PBXFileReference; lastKnownFileType = file.storyboard; name = Base; path = Base.lproj/Main.storyboard; sourceTree = "<group>"; };
		EB72567023C98F9800017C31 /* Assets.xcassets */ = {isa = PBXFileReference; lastKnownFileType = folder.assetcatalog; path = Assets.xcassets; sourceTree = "<group>"; };
		EB72567323C98F9800017C31 /* Base */ = {isa = PBXFileReference; lastKnownFileType = file.storyboard; name = Base; path = Base.lproj/LaunchScreen.storyboard; sourceTree = "<group>"; };
		EB72567523C98F9800017C31 /* Info.plist */ = {isa = PBXFileReference; lastKnownFileType = text.plist.xml; path = Info.plist; sourceTree = "<group>"; };
		EB72567B23C993C700017C31 /* GoogleService-Info.plist */ = {isa = PBXFileReference; fileEncoding = 4; lastKnownFileType = text.plist.xml; path = "GoogleService-Info.plist"; sourceTree = "<group>"; };
		F7CC12B813DD0B278F3FF1BA /* Pods-MonumentApp.debug.xcconfig */ = {isa = PBXFileReference; includeInIndex = 1; lastKnownFileType = text.xcconfig; name = "Pods-MonumentApp.debug.xcconfig"; path = "Target Support Files/Pods-MonumentApp/Pods-MonumentApp.debug.xcconfig"; sourceTree = "<group>"; };
/* End PBXFileReference section */

/* Begin PBXFrameworksBuildPhase section */
		EB72566123C98F9400017C31 /* Frameworks */ = {
			isa = PBXFrameworksBuildPhase;
			buildActionMask = 2147483647;
			files = (
				CC1A9A9F925F0CC33D2DE8DE /* libPods-MonumentApp.a in Frameworks */,
			);
			runOnlyForDeploymentPostprocessing = 0;
		};
/* End PBXFrameworksBuildPhase section */

/* Begin PBXGroup section */
		85FBB1153A3D648B0A9829E1 /* Pods */ = {
			isa = PBXGroup;
			children = (
				F7CC12B813DD0B278F3FF1BA /* Pods-MonumentApp.debug.xcconfig */,
				263631E062A7C9A203C4225E /* Pods-MonumentApp.release.xcconfig */,
			);
			name = Pods;
			path = Pods;
			sourceTree = "<group>";
		};
		E05D613CB270B13D01D28D30 /* Frameworks */ = {
			isa = PBXGroup;
			children = (
				042F23E3C1EAD68C7CD4CAC8 /* libPods-MonumentApp.a */,
			);
			name = Frameworks;
			sourceTree = "<group>";
		};
		EB72565B23C98F9400017C31 = {
			isa = PBXGroup;
			children = (
				EB72566623C98F9400017C31 /* MonumentApp */,
				EB72566523C98F9400017C31 /* Products */,
				85FBB1153A3D648B0A9829E1 /* Pods */,
				E05D613CB270B13D01D28D30 /* Frameworks */,
			);
			sourceTree = "<group>";
		};
		EB72566523C98F9400017C31 /* Products */ = {
			isa = PBXGroup;
			children = (
				EB72566423C98F9400017C31 /* MonumentApp.app */,
			);
			name = Products;
			sourceTree = "<group>";
		};
		EB72566623C98F9400017C31 /* MonumentApp */ = {
			isa = PBXGroup;
			children = (
				EB72566723C98F9400017C31 /* AppDelegate.swift */,
				EB72566923C98F9400017C31 /* SceneDelegate.swift */,
				EB72566B23C98F9400017C31 /* ViewController.swift */,
				EB72566D23C98F9400017C31 /* Main.storyboard */,
				EB72567023C98F9800017C31 /* Assets.xcassets */,
				EB72567223C98F9800017C31 /* LaunchScreen.storyboard */,
				EB72567523C98F9800017C31 /* Info.plist */,
				EB72567B23C993C700017C31 /* GoogleService-Info.plist */,
			);
			path = MonumentApp;
			sourceTree = "<group>";
		};
/* End PBXGroup section */

/* Begin PBXNativeTarget section */
		EB72566323C98F9400017C31 /* MonumentApp */ = {
			isa = PBXNativeTarget;
			buildConfigurationList = EB72567823C98F9800017C31 /* Build configuration list for PBXNativeTarget "MonumentApp" */;
			buildPhases = (
				A282BFB90CF8D372D07DC4F4 /* [CP] Check Pods Manifest.lock */,
				EB72566023C98F9400017C31 /* Sources */,
				EB72566123C98F9400017C31 /* Frameworks */,
				EB72566223C98F9400017C31 /* Resources */,
			);
			buildRules = (
			);
			dependencies = (
			);
			name = MonumentApp;
			productName = MonumentApp;
			productReference = EB72566423C98F9400017C31 /* MonumentApp.app */;
			productType = "com.apple.product-type.application";
		};
/* End PBXNativeTarget section */

/* Begin PBXProject section */
		EB72565C23C98F9400017C31 /* Project object */ = {
			isa = PBXProject;
			attributes = {
				LastSwiftUpdateCheck = 1110;
				LastUpgradeCheck = 1110;
				ORGANIZATIONNAME = SBHacks;
				TargetAttributes = {
					EB72566323C98F9400017C31 = {
						CreatedOnToolsVersion = 11.1;
					};
				};
			};
			buildConfigurationList = EB72565F23C98F9400017C31 /* Build configuration list for PBXProject "MonumentApp" */;
			compatibilityVersion = "Xcode 9.3";
			developmentRegion = en;
			hasScannedForEncodings = 0;
			knownRegions = (
				en,
				Base,
			);
			mainGroup = EB72565B23C98F9400017C31;
			productRefGroup = EB72566523C98F9400017C31 /* Products */;
			projectDirPath = "";
			projectRoot = "";
			targets = (
				EB72566323C98F9400017C31 /* MonumentApp */,
			);
		};
/* End PBXProject section */

/* Begin PBXResourcesBuildPhase section */
		EB72566223C98F9400017C31 /* Resources */ = {
			isa = PBXResourcesBuildPhase;
			buildActionMask = 2147483647;
			files = (
				EB72567C23C993C700017C31 /* GoogleService-Info.plist in Resources */,
				EB72567423C98F9800017C31 /* LaunchScreen.storyboard in Resources */,
				EB72567123C98F9800017C31 /* Assets.xcassets in Resources */,
				EB72566F23C98F9400017C31 /* Main.storyboard in Resources */,
			);
			runOnlyForDeploymentPostprocessing = 0;
		};
/* End PBXResourcesBuildPhase section */

/* Begin PBXShellScriptBuildPhase section */
		A282BFB90CF8D372D07DC4F4 /* [CP] Check Pods Manifest.lock */ = {
			isa = PBXShellScriptBuildPhase;
			buildActionMask = 2147483647;
			files = (
			);
			inputFileListPaths = (
			);
			inputPaths = (
				"${PODS_PODFILE_DIR_PATH}/Podfile.lock",
				"${PODS_ROOT}/Manifest.lock",
			);
			name = "[CP] Check Pods Manifest.lock";
			outputFileListPaths = (
			);
			outputPaths = (
				"$(DERIVED_FILE_DIR)/Pods-MonumentApp-checkManifestLockResult.txt",
			);
			runOnlyForDeploymentPostprocessing = 0;
			shellPath = /bin/sh;
			shellScript = "diff \"${PODS_PODFILE_DIR_PATH}/Podfile.lock\" \"${PODS_ROOT}/Manifest.lock\" > /dev/null\nif [ $? != 0 ] ; then\n    # print error to STDERR\n    echo \"error: The sandbox is not in sync with the Podfile.lock. Run 'pod install' or update your CocoaPods installation.\" >&2\n    exit 1\nfi\n# This output is used by Xcode 'outputs' to avoid re-running this script phase.\necho \"SUCCESS\" > \"${SCRIPT_OUTPUT_FILE_0}\"\n";
			showEnvVarsInLog = 0;
		};
/* End PBXShellScriptBuildPhase section */

/* Begin PBXSourcesBuildPhase section */
		EB72566023C98F9400017C31 /* Sources */ = {
			isa = PBXSourcesBuildPhase;
			buildActionMask = 2147483647;
			files = (
				EB72566C23C98F9400017C31 /* ViewController.swift in Sources */,
				EB72566823C98F9400017C31 /* AppDelegate.swift in Sources */,
				EB72566A23C98F9400017C31 /* SceneDelegate.swift in Sources */,
			);
			runOnlyForDeploymentPostprocessing = 0;
		};
/* End PBXSourcesBuildPhase section */

/* Begin PBXVariantGroup section */
		EB72566D23C98F9400017C31 /* Main.storyboard */ = {
			isa = PBXVariantGroup;
			children = (
				EB72566E23C98F9400017C31 /* Base */,
			);
			name = Main.storyboard;
			sourceTree = "<group>";
		};
		EB72567223C98F9800017C31 /* LaunchScreen.storyboard */ = {
			isa = PBXVariantGroup;
			children = (
				EB72567323C98F9800017C31 /* Base */,
			);
			name = LaunchScreen.storyboard;
			sourceTree = "<group>";
		};
/* End PBXVariantGroup section */

/* Begin XCBuildConfiguration section */
		EB72567623C98F9800017C31 /* Debug */ = {
			isa = XCBuildConfiguration;
			buildSettings = {
				ALWAYS_SEARCH_USER_PATHS = NO;
				CLANG_ANALYZER_NONNULL = YES;
				CLANG_ANALYZER_NUMBER_OBJECT_CONVERSION = YES_AGGRESSIVE;
				CLANG_CXX_LANGUAGE_STANDARD = "gnu++14";
				CLANG_CXX_LIBRARY = "libc++";
				CLANG_ENABLE_MODULES = YES;
				CLANG_ENABLE_OBJC_ARC = YES;
				CLANG_ENABLE_OBJC_WEAK = YES;
				CLANG_WARN_BLOCK_CAPTURE_AUTORELEASING = YES;
				CLANG_WARN_BOOL_CONVERSION = YES;
				CLANG_WARN_COMMA = YES;
				CLANG_WARN_CONSTANT_CONVERSION = YES;
				CLANG_WARN_DEPRECATED_OBJC_IMPLEMENTATIONS = YES;
				CLANG_WARN_DIRECT_OBJC_ISA_USAGE = YES_ERROR;
				CLANG_WARN_DOCUMENTATION_COMMENTS = YES;
				CLANG_WARN_EMPTY_BODY = YES;
				CLANG_WARN_ENUM_CONVERSION = YES;
				CLANG_WARN_INFINITE_RECURSION = YES;
				CLANG_WARN_INT_CONVERSION = YES;
				CLANG_WARN_NON_LITERAL_NULL_CONVERSION = YES;
				CLANG_WARN_OBJC_IMPLICIT_RETAIN_SELF = YES;
				CLANG_WARN_OBJC_LITERAL_CONVERSION = YES;
				CLANG_WARN_OBJC_ROOT_CLASS = YES_ERROR;
				CLANG_WARN_RANGE_LOOP_ANALYSIS = YES;
				CLANG_WARN_STRICT_PROTOTYPES = YES;
				CLANG_WARN_SUSPICIOUS_MOVE = YES;
				CLANG_WARN_UNGUARDED_AVAILABILITY = YES_AGGRESSIVE;
				CLANG_WARN_UNREACHABLE_CODE = YES;
				CLANG_WARN__DUPLICATE_METHOD_MATCH = YES;
				COPY_PHASE_STRIP = NO;
				DEBUG_INFORMATION_FORMAT = dwarf;
				ENABLE_STRICT_OBJC_MSGSEND = YES;
				ENABLE_TESTABILITY = YES;
				GCC_C_LANGUAGE_STANDARD = gnu11;
				GCC_DYNAMIC_NO_PIC = NO;
				GCC_NO_COMMON_BLOCKS = YES;
				GCC_OPTIMIZATION_LEVEL = 0;
				GCC_PREPROCESSOR_DEFINITIONS = (
					"DEBUG=1",
					"$(inherited)",
				);
				GCC_WARN_64_TO_32_BIT_CONVERSION = YES;
				GCC_WARN_ABOUT_RETURN_TYPE = YES_ERROR;
				GCC_WARN_UNDECLARED_SELECTOR = YES;
				GCC_WARN_UNINITIALIZED_AUTOS = YES_AGGRESSIVE;
				GCC_WARN_UNUSED_FUNCTION = YES;
				GCC_WARN_UNUSED_VARIABLE = YES;
				IPHONEOS_DEPLOYMENT_TARGET = 13.1;
				MTL_ENABLE_DEBUG_INFO = INCLUDE_SOURCE;
				MTL_FAST_MATH = YES;
				ONLY_ACTIVE_ARCH = YES;
				SDKROOT = iphoneos;
				SWIFT_ACTIVE_COMPILATION_CONDITIONS = DEBUG;
				SWIFT_OPTIMIZATION_LEVEL = "-Onone";
			};
			name = Debug;
		};
		EB72567723C98F9800017C31 /* Release */ = {
			isa = XCBuildConfiguration;
			buildSettings = {
				ALWAYS_SEARCH_USER_PATHS = NO;
				CLANG_ANALYZER_NONNULL = YES;
				CLANG_ANALYZER_NUMBER_OBJECT_CONVERSION = YES_AGGRESSIVE;
				CLANG_CXX_LANGUAGE_STANDARD = "gnu++14";
				CLANG_CXX_LIBRARY = "libc++";
				CLANG_ENABLE_MODULES = YES;
				CLANG_ENABLE_OBJC_ARC = YES;
				CLANG_ENABLE_OBJC_WEAK = YES;
				CLANG_WARN_BLOCK_CAPTURE_AUTORELEASING = YES;
				CLANG_WARN_BOOL_CONVERSION = YES;
				CLANG_WARN_COMMA = YES;
				CLANG_WARN_CONSTANT_CONVERSION = YES;
				CLANG_WARN_DEPRECATED_OBJC_IMPLEMENTATIONS = YES;
				CLANG_WARN_DIRECT_OBJC_ISA_USAGE = YES_ERROR;
				CLANG_WARN_DOCUMENTATION_COMMENTS = YES;
				CLANG_WARN_EMPTY_BODY = YES;
				CLANG_WARN_ENUM_CONVERSION = YES;
				CLANG_WARN_INFINITE_RECURSION = YES;
				CLANG_WARN_INT_CONVERSION = YES;
				CLANG_WARN_NON_LITERAL_NULL_CONVERSION = YES;
				CLANG_WARN_OBJC_IMPLICIT_RETAIN_SELF = YES;
				CLANG_WARN_OBJC_LITERAL_CONVERSION = YES;
				CLANG_WARN_OBJC_ROOT_CLASS = YES_ERROR;
				CLANG_WARN_RANGE_LOOP_ANALYSIS = YES;
				CLANG_WARN_STRICT_PROTOTYPES = YES;
				CLANG_WARN_SUSPICIOUS_MOVE = YES;
				CLANG_WARN_UNGUARDED_AVAILABILITY = YES_AGGRESSIVE;
				CLANG_WARN_UNREACHABLE_CODE = YES;
				CLANG_WARN__DUPLICATE_METHOD_MATCH = YES;
				COPY_PHASE_STRIP = NO;
				DEBUG_INFORMATION_FORMAT = "dwarf-with-dsym";
				ENABLE_NS_ASSERTIONS = NO;
				ENABLE_STRICT_OBJC_MSGSEND = YES;
				GCC_C_LANGUAGE_STANDARD = gnu11;
				GCC_NO_COMMON_BLOCKS = YES;
				GCC_WARN_64_TO_32_BIT_CONVERSION = YES;
				GCC_WARN_ABOUT_RETURN_TYPE = YES_ERROR;
				GCC_WARN_UNDECLARED_SELECTOR = YES;
				GCC_WARN_UNINITIALIZED_AUTOS = YES_AGGRESSIVE;
				GCC_WARN_UNUSED_FUNCTION = YES;
				GCC_WARN_UNUSED_VARIABLE = YES;
				IPHONEOS_DEPLOYMENT_TARGET = 13.1;
				MTL_ENABLE_DEBUG_INFO = NO;
				MTL_FAST_MATH = YES;
				SDKROOT = iphoneos;
				SWIFT_COMPILATION_MODE = wholemodule;
				SWIFT_OPTIMIZATION_LEVEL = "-O";
				VALIDATE_PRODUCT = YES;
			};
			name = Release;
		};
		EB72567923C98F9800017C31 /* Debug */ = {
			isa = XCBuildConfiguration;
			baseConfigurationReference = F7CC12B813DD0B278F3FF1BA /* Pods-MonumentApp.debug.xcconfig */;
			buildSettings = {
				ASSETCATALOG_COMPILER_APPICON_NAME = AppIcon;
				CODE_SIGN_STYLE = Automatic;
				INFOPLIST_FILE = MonumentApp/Info.plist;
				LD_RUNPATH_SEARCH_PATHS = (
					"$(inherited)",
					"@executable_path/Frameworks",
				);
				PRODUCT_BUNDLE_IDENTIFIER = com.sbhacks.MonumentApp;
				PRODUCT_NAME = "$(TARGET_NAME)";
				SWIFT_VERSION = 5.0;
				TARGETED_DEVICE_FAMILY = "1,2";
			};
			name = Debug;
		};
		EB72567A23C98F9800017C31 /* Release */ = {
			isa = XCBuildConfiguration;
			baseConfigurationReference = 263631E062A7C9A203C4225E /* Pods-MonumentApp.release.xcconfig */;
			buildSettings = {
				ASSETCATALOG_COMPILER_APPICON_NAME = AppIcon;
				CODE_SIGN_STYLE = Automatic;
				INFOPLIST_FILE = MonumentApp/Info.plist;
				LD_RUNPATH_SEARCH_PATHS = (
					"$(inherited)",
					"@executable_path/Frameworks",
				);
				PRODUCT_BUNDLE_IDENTIFIER = com.sbhacks.MonumentApp;
				PRODUCT_NAME = "$(TARGET_NAME)";
				SWIFT_VERSION = 5.0;
				TARGETED_DEVICE_FAMILY = "1,2";
			};
			name = Release;
		};
/* End XCBuildConfiguration section */

/* Begin XCConfigurationList section */
		EB72565F23C98F9400017C31 /* Build configuration list for PBXProject "MonumentApp" */ = {
			isa = XCConfigurationList;
			buildConfigurations = (
				EB72567623C98F9800017C31 /* Debug */,
				EB72567723C98F9800017C31 /* Release */,
			);
			defaultConfigurationIsVisible = 0;
			defaultConfigurationName = Release;
		};
		EB72567823C98F9800017C31 /* Build configuration list for PBXNativeTarget "MonumentApp" */ = {
			isa = XCConfigurationList;
			buildConfigurations = (
				EB72567923C98F9800017C31 /* Debug */,
				EB72567A23C98F9800017C31 /* Release */,
			);
			defaultConfigurationIsVisible = 0;
			defaultConfigurationName = Release;
		};
/* End XCConfigurationList section */
	};
	rootObject = EB72565C23C98F9400017C31 /* Project object */;
}
